<?xml version="1.0" encoding="utf-8"?>
<Project ToolsVersion="4.0" xmlns="http://schemas.microsoft.com/developer/msbuild/2003">
  <ItemGroup>
    <Filter Include="Source Files">
      <UniqueIdentifier>{4FC737F1-C7A5-4376-A066-2A32D752A2FF}</UniqueIdentifier>
      <Extensions>cpp;c;cc;cxx;def;odl;idl;hpj;bat;asm;asmx</Extensions>
    </Filter>
    <Filter Include="Header Files">
      <UniqueIdentifier>{93995380-89BD-4b04-88EB-625FBE52EBFB}</UniqueIdentifier>
      <Extensions>h;hh;hpp;hxx;hm;inl;inc;xsd</Extensions>
    </Filter>
    <Filter Include="Resource Files">
      <UniqueIdentifier>{67DA6AB6-F800-4c08-8B7A-83BB121AAD01}</UniqueIdentifier>
      <Extensions>rc;ico;cur;bmp;dlg;rc2;rct;bin;rgs;gif;jpg;jpeg;jpe;resx;tiff;tif;png;wav;mfcribbon-ms</Extensions>
    </Filter>
  </ItemGroup>
  <ItemGroup>
    <ClCompile Include="src\CharClass.cpp">
      <Filter>Source Files</Filter>
    </ClCompile>
    <ClCompile Include="src\CharSet.cpp">
      <Filter>Source Files</Filter>
    </ClCompile>
    <ClCompile Include="src\Location.cpp">
      <Filter>Source Files</Filter>
    </ClCompile>
    <ClCompile Include="src\Buffer.cpp">
      <Filter>Source Files</Filter>
    </ClCompile>
    <ClCompile Include="src\Scanner.cpp">
      <Filter>Source Files</Filter>
    </ClCompile>
    <ClCompile Include="src\Token.cpp">
      <Filter>Source Files</Filter>
    </ClCompile>
    <ClCompile Include="src\ErrorHandler.cpp">
      <Filter>Source Files</Filter>
    </ClCompile>
    <ClCompile Include="src\Parser.cpp">
      <Filter>Source Files</Filter>
    </ClCompile>
    <ClCompile Include="src\AbstractSyntaxTree.cpp">
      <Filter>Source Files</Filter>
    </ClCompile>
    <ClCompile Include="src\CPUParserIntel8080_8085.cpp">
      <Filter>Source Files</Filter>
    </ClCompile>
    <ClCompile Include="src\CPUType.cpp">
      <Filter>Source Files</Filter>
    </ClCompile>
    <ClCompile Include="src\CPUAssemblerIntel8080_8085.cpp">
      <Filter>Source Files</Filter>
    </ClCompile>
    <ClCompile Include="src\Exceptions.cpp">
      <Filter>Source Files</Filter>
    </ClCompile>
    <ClCompile Include="src\Printer.cpp">
      <Filter>Source Files</Filter>
    </ClCompile>
    <ClCompile Include="src\ObjectCode.cpp">
      <Filter>Source Files</Filter>
    </ClCompile>
    <ClCompile Include="src\ObjectFile.cpp">
      <Filter>Source Files</Filter>
    </ClCompile>
  </ItemGroup>
  <ItemGroup>
    <ClInclude Include="export\assembler\AbstractSyntaxTree.h">
      <Filter>Header Files</Filter>
    </ClInclude>
    <ClInclude Include="export\assembler\AssemblerMessage.h">
      <Filter>Header Files</Filter>
    </ClInclude>
    <ClInclude Include="export\assembler\Buffer.h">
      <Filter>Header Files</Filter>
    </ClInclude>
    <ClInclude Include="export\assembler\CharClass.h">
      <Filter>Header Files</Filter>
    </ClInclude>
    <ClInclude Include="export\assembler\CharSet.h">
      <Filter>Header Files</Filter>
    </ClInclude>
    <ClInclude Include="export\assembler\CPUType.h">
      <Filter>Header Files</Filter>
    </ClInclude>
    <ClInclude Include="export\assembler\ErrorHandler.h">
      <Filter>Header Files</Filter>
    </ClInclude>
    <ClInclude Include="export\assembler\Exceptions.h">
      <Filter>Header Files</Filter>
    </ClInclude>
    <ClInclude Include="export\assembler\ICPUAssembler.h">
      <Filter>Header Files</Filter>
    </ClInclude>
    <ClInclude Include="export\assembler\ICPUParser.h">
      <Filter>Header Files</Filter>
    </ClInclude>
    <ClInclude Include="export\assembler\KeywordMap.h">
      <Filter>Header Files</Filter>
    </ClInclude>
    <ClInclude Include="export\assembler\Location.h">
      <Filter>Header Files</Filter>
    </ClInclude>
    <ClInclude Include="export\assembler\ObjectCode.h">
      <Filter>Header Files</Filter>
    </ClInclude>
    <ClInclude Include="export\assembler\ObjectFile.h">
      <Filter>Header Files</Filter>
    </ClInclude>
    <ClInclude Include="export\assembler\OpcodeMap.h">
      <Filter>Header Files</Filter>
    </ClInclude>
    <ClInclude Include="export\assembler\Parser.h">
      <Filter>Header Files</Filter>
    </ClInclude>
    <ClInclude Include="export\assembler\PrettyPrinter.h">
      <Filter>Header Files</Filter>
    </ClInclude>
    <ClInclude Include="export\assembler\Scanner.h">
      <Filter>Header Files</Filter>
    </ClInclude>
    <ClInclude Include="export\assembler\StartStates.h">
      <Filter>Header Files</Filter>
    </ClInclude>
    <ClInclude Include="export\assembler\SymbolList.h">
      <Filter>Header Files</Filter>
    </ClInclude>
    <ClInclude Include="export\assembler\SymbolMap.h">
      <Filter>Header Files</Filter>
    </ClInclude>
    <ClInclude Include="export\assembler\Token.h">
      <Filter>Header Files</Filter>
    </ClInclude>
    <ClInclude Include="include\assembler\CPUAssemblerIntel8080_8085.h">
      <Filter>Header Files</Filter>
    </ClInclude>
    <ClInclude Include="include\assembler\CPUParser.h">
      <Filter>Header Files</Filter>
    </ClInclude>
    <ClInclude Include="include\assembler\CPUParserIntel8080_8085.h">
      <Filter>Header Files</Filter>
    </ClInclude>
    <ClInclude Include="include\assembler\Nodes.h">
      <Filter>Header Files</Filter>
    </ClInclude>
    <ClInclude Include="include\assembler\Printer.h">
      <Filter>Header Files</Filter>
    </ClInclude>
  </ItemGroup>
</Project>