<?xml version="1.0" encoding="utf-8"?>
<Project ToolsVersion="4.0" xmlns="http://schemas.microsoft.com/developer/msbuild/2003">
  <ItemGroup>
    <Filter Include="Source Files">
      <UniqueIdentifier>{4FC737F1-C7A5-4376-A066-2A32D752A2FF}</UniqueIdentifier>
      <Extensions>cpp;c;cc;cxx;def;odl;idl;hpj;bat;asm;asmx</Extensions>
    </Filter>
    <Filter Include="Header Files">
      <UniqueIdentifier>{93995380-89BD-4b04-88EB-625FBE52EBFB}</UniqueIdentifier>
      <Extensions>h;hh;hpp;hxx;hm;inl;inc;xsd</Extensions>
    </Filter>
    <Filter Include="Resource Files">
      <UniqueIdentifier>{67DA6AB6-F800-4c08-8B7A-83BB121AAD01}</UniqueIdentifier>
      <Extensions>rc;ico;cur;bmp;dlg;rc2;rct;bin;rgs;gif;jpg;jpeg;jpe;resx;tiff;tif;png;wav;mfcribbon-ms</Extensions>
    </Filter>
  </ItemGroup>
  <ItemGroup>
    <ClInclude Include="export\processor.h">
      <Filter>Header Files</Filter>
    </ClInclude>
    <ClInclude Include="export\ram.h">
      <Filter>Header Files</Filter>
    </ClInclude>
    <ClInclude Include="export\rom.h">
      <Filter>Header Files</Filter>
    </ClInclude>
    <ClInclude Include="export\system.h">
      <Filter>Header Files</Filter>
    </ClInclude>
    <ClInclude Include="export\processor8086.h">
      <Filter>Header Files</Filter>
    </ClInclude>
    <ClInclude Include="export\processor8088.h">
      <Filter>Header Files</Filter>
    </ClInclude>
    <ClInclude Include="export\processor8080.h">
      <Filter>Header Files</Filter>
    </ClInclude>
    <ClInclude Include="export\imemory.h">
      <Filter>Header Files</Filter>
    </ClInclude>
    <ClInclude Include="export\iio.h">
      <Filter>Header Files</Filter>
    </ClInclude>
    <ClInclude Include="export\ioport.h">
      <Filter>Header Files</Filter>
    </ClInclude>
    <ClInclude Include="export\memorymanager.h">
      <Filter>Header Files</Filter>
    </ClInclude>
    <ClInclude Include="export\iomanager.h">
      <Filter>Header Files</Filter>
    </ClInclude>
    <ClInclude Include="export\processor8085.h">
      <Filter>Header Files</Filter>
    </ClInclude>
  </ItemGroup>
  <ItemGroup>
    <ClCompile Include="src\processor.cpp">
      <Filter>Source Files</Filter>
    </ClCompile>
    <ClCompile Include="src\ram.cpp">
      <Filter>Source Files</Filter>
    </ClCompile>
    <ClCompile Include="src\rom.cpp">
      <Filter>Source Files</Filter>
    </ClCompile>
    <ClCompile Include="src\processor8080.cpp">
      <Filter>Source Files</Filter>
    </ClCompile>
    <ClCompile Include="src\ioport.cpp">
      <Filter>Source Files</Filter>
    </ClCompile>
    <ClCompile Include="src\iomanager.cpp">
      <Filter>Source Files</Filter>
    </ClCompile>
    <ClCompile Include="src\memorymanager.cpp">
      <Filter>Source Files</Filter>
    </ClCompile>
    <ClCompile Include="src\system.cpp">
      <Filter>Source Files</Filter>
    </ClCompile>
  </ItemGroup>
</Project>