<?xml version="1.0" encoding="utf-8"?>
<Project ToolsVersion="4.0" xmlns="http://schemas.microsoft.com/developer/msbuild/2003">
  <ItemGroup>
    <Filter Include="Source Files">
      <UniqueIdentifier>{4FC737F1-C7A5-4376-A066-2A32D752A2FF}</UniqueIdentifier>
      <Extensions>cpp;c;cc;cxx;def;odl;idl;hpj;bat;asm;asmx</Extensions>
    </Filter>
    <Filter Include="Header Files">
      <UniqueIdentifier>{93995380-89BD-4b04-88EB-625FBE52EBFB}</UniqueIdentifier>
      <Extensions>h;hh;hpp;hxx;hm;inl;inc;xsd</Extensions>
    </Filter>
    <Filter Include="Resource Files">
      <UniqueIdentifier>{67DA6AB6-F800-4c08-8B7A-83BB121AAD01}</UniqueIdentifier>
      <Extensions>rc;ico;cur;bmp;dlg;rc2;rct;bin;rgs;gif;jpg;jpeg;jpe;resx;tiff;tif;png;wav;mfcribbon-ms</Extensions>
    </Filter>
    <Filter Include="Source Files\Cocor">
      <UniqueIdentifier>{9958d19c-347f-494e-960f-1999413784c9}</UniqueIdentifier>
    </Filter>
  </ItemGroup>
  <ItemGroup>
    <ClInclude Include="include\CommandLineOptionsParser.h">
      <Filter>Header Files</Filter>
    </ClInclude>
    <ClInclude Include="include\cocor\TestData.h">
      <Filter>Header Files</Filter>
    </ClInclude>
  </ItemGroup>
  <ItemGroup>
    <ClCompile Include="src\CommandLineOptionsParser.cpp">
      <Filter>Source Files</Filter>
    </ClCompile>
    <ClCompile Include="src\Main.cpp">
      <Filter>Source Files</Filter>
    </ClCompile>
    <ClCompile Include="src\Test\TestToken.cpp">
      <Filter>Source Files</Filter>
    </ClCompile>
    <ClCompile Include="src\Test\TestCocor.cpp">
      <Filter>Source Files</Filter>
    </ClCompile>
    <ClCompile Include="..\Action.cpp">
      <Filter>Source Files\Cocor</Filter>
    </ClCompile>
    <ClCompile Include="..\ArrayList.cpp">
      <Filter>Source Files\Cocor</Filter>
    </ClCompile>
    <ClCompile Include="..\BitArray.cpp">
      <Filter>Source Files\Cocor</Filter>
    </ClCompile>
    <ClCompile Include="..\CharClass.cpp">
      <Filter>Source Files\Cocor</Filter>
    </ClCompile>
    <ClCompile Include="..\CharSet.cpp">
      <Filter>Source Files\Cocor</Filter>
    </ClCompile>
    <ClCompile Include="..\Comment.cpp">
      <Filter>Source Files\Cocor</Filter>
    </ClCompile>
    <ClCompile Include="..\DFA.cpp">
      <Filter>Source Files\Cocor</Filter>
    </ClCompile>
    <ClCompile Include="..\Generator.cpp">
      <Filter>Source Files\Cocor</Filter>
    </ClCompile>
    <ClCompile Include="..\HashTable.cpp">
      <Filter>Source Files\Cocor</Filter>
    </ClCompile>
    <ClCompile Include="..\Melted.cpp">
      <Filter>Source Files\Cocor</Filter>
    </ClCompile>
    <ClCompile Include="..\Node.cpp">
      <Filter>Source Files\Cocor</Filter>
    </ClCompile>
    <ClCompile Include="..\Parser.cpp">
      <Filter>Source Files\Cocor</Filter>
    </ClCompile>
    <ClCompile Include="..\ParserGen.cpp">
      <Filter>Source Files\Cocor</Filter>
    </ClCompile>
    <ClCompile Include="..\Position.cpp">
      <Filter>Source Files\Cocor</Filter>
    </ClCompile>
    <ClCompile Include="..\Scanner.cpp">
      <Filter>Source Files\Cocor</Filter>
    </ClCompile>
    <ClCompile Include="..\SortedList.cpp">
      <Filter>Source Files\Cocor</Filter>
    </ClCompile>
    <ClCompile Include="..\State.cpp">
      <Filter>Source Files\Cocor</Filter>
    </ClCompile>
    <ClCompile Include="..\StringBuilder.cpp">
      <Filter>Source Files\Cocor</Filter>
    </ClCompile>
    <ClCompile Include="..\Symbol.cpp">
      <Filter>Source Files\Cocor</Filter>
    </ClCompile>
    <ClCompile Include="..\Tab.cpp">
      <Filter>Source Files\Cocor</Filter>
    </ClCompile>
    <ClCompile Include="..\Target.cpp">
      <Filter>Source Files\Cocor</Filter>
    </ClCompile>
    <ClCompile Include="src\Test\TestBitSet.cpp">
      <Filter>Source Files</Filter>
    </ClCompile>
  </ItemGroup>
</Project>