<?xml version="1.0" encoding="utf-8"?>
<Project ToolsVersion="4.0" xmlns="http://schemas.microsoft.com/developer/msbuild/2003">
  <ItemGroup>
    <Filter Include="Source Files">
      <UniqueIdentifier>{4FC737F1-C7A5-4376-A066-2A32D752A2FF}</UniqueIdentifier>
      <Extensions>cpp;c;cc;cxx;def;odl;idl;hpj;bat;asm;asmx</Extensions>
    </Filter>
    <Filter Include="Header Files">
      <UniqueIdentifier>{93995380-89BD-4b04-88EB-625FBE52EBFB}</UniqueIdentifier>
      <Extensions>h;hh;hpp;hxx;hm;inl;inc;xsd</Extensions>
    </Filter>
    <Filter Include="Resource Files">
      <UniqueIdentifier>{67DA6AB6-F800-4c08-8B7A-83BB121AAD01}</UniqueIdentifier>
      <Extensions>rc;ico;cur;bmp;dlg;rc2;rct;bin;rgs;gif;jpg;jpeg;jpe;resx;tiff;tif;png;wav;mfcribbon-ms</Extensions>
    </Filter>
  </ItemGroup>
  <ItemGroup>
    <ClCompile Include="src\AssertException.cpp">
      <Filter>Source Files</Filter>
    </ClCompile>
    <ClCompile Include="src\AssertionFailedException.cpp">
      <Filter>Source Files</Filter>
    </ClCompile>
    <ClCompile Include="src\AssertionResult.cpp">
      <Filter>Source Files</Filter>
    </ClCompile>
    <ClCompile Include="src\Checks.cpp">
      <Filter>Source Files</Filter>
    </ClCompile>
    <ClCompile Include="src\ConsoleTestReporter.cpp">
      <Filter>Source Files</Filter>
    </ClCompile>
    <ClCompile Include="src\CurrentTest.cpp">
      <Filter>Source Files</Filter>
    </ClCompile>
    <ClCompile Include="src\DeferredTestReporter.cpp">
      <Filter>Source Files</Filter>
    </ClCompile>
    <ClCompile Include="src\PrintValue.cpp">
      <Filter>Source Files</Filter>
    </ClCompile>
    <ClCompile Include="src\Settings.cpp">
      <Filter>Source Files</Filter>
    </ClCompile>
    <ClCompile Include="src\SignalTranslator.cpp">
      <Filter>Source Files</Filter>
    </ClCompile>
    <ClCompile Include="src\StreamTestReporter.cpp">
      <Filter>Source Files</Filter>
    </ClCompile>
    <ClCompile Include="src\Test.cpp">
      <Filter>Source Files</Filter>
    </ClCompile>
    <ClCompile Include="src\TestDetails.cpp">
      <Filter>Source Files</Filter>
    </ClCompile>
    <ClCompile Include="src\TestFixtureInfo.cpp">
      <Filter>Source Files</Filter>
    </ClCompile>
    <ClCompile Include="src\TestInfo.cpp">
      <Filter>Source Files</Filter>
    </ClCompile>
    <ClCompile Include="src\TestRegistry.cpp">
      <Filter>Source Files</Filter>
    </ClCompile>
    <ClCompile Include="src\TestResult.cpp">
      <Filter>Source Files</Filter>
    </ClCompile>
    <ClCompile Include="src\TestResults.cpp">
      <Filter>Source Files</Filter>
    </ClCompile>
    <ClCompile Include="src\TestRunner.cpp">
      <Filter>Source Files</Filter>
    </ClCompile>
    <ClCompile Include="src\TestSuiteInfo.cpp">
      <Filter>Source Files</Filter>
    </ClCompile>
    <ClCompile Include="src\TimeConstraint.cpp">
      <Filter>Source Files</Filter>
    </ClCompile>
    <ClCompile Include="src\Timer.cpp">
      <Filter>Source Files</Filter>
    </ClCompile>
    <ClCompile Include="src\XMLTestReporter.cpp">
      <Filter>Source Files</Filter>
    </ClCompile>
  </ItemGroup>
  <ItemGroup>
    <ClInclude Include="export\unit-test-c++\AssertException.h">
      <Filter>Header Files</Filter>
    </ClInclude>
    <ClInclude Include="export\unit-test-c++\AssertionFailedException.h">
      <Filter>Header Files</Filter>
    </ClInclude>
    <ClInclude Include="export\unit-test-c++\AssertionResult.h">
      <Filter>Header Files</Filter>
    </ClInclude>
    <ClInclude Include="export\unit-test-c++\AssertMacros.h">
      <Filter>Header Files</Filter>
    </ClInclude>
    <ClInclude Include="export\unit-test-c++\Checks.h">
      <Filter>Header Files</Filter>
    </ClInclude>
    <ClInclude Include="export\unit-test-c++\Config.h">
      <Filter>Header Files</Filter>
    </ClInclude>
    <ClInclude Include="export\unit-test-c++\ConsoleTestReporter.h">
      <Filter>Header Files</Filter>
    </ClInclude>
    <ClInclude Include="export\unit-test-c++\CurrentTest.h">
      <Filter>Header Files</Filter>
    </ClInclude>
    <ClInclude Include="export\unit-test-c++\DeferredTestReporter.h">
      <Filter>Header Files</Filter>
    </ClInclude>
    <ClInclude Include="export\unit-test-c++\ExecuteTest.h">
      <Filter>Header Files</Filter>
    </ClInclude>
    <ClInclude Include="export\unit-test-c++\ITestReporter.h">
      <Filter>Header Files</Filter>
    </ClInclude>
    <ClInclude Include="export\unit-test-c++\PrintValue.h">
      <Filter>Header Files</Filter>
    </ClInclude>
    <ClInclude Include="export\unit-test-c++\SignalTranslator.h">
      <Filter>Header Files</Filter>
    </ClInclude>
    <ClInclude Include="export\unit-test-c++\StreamTestReporter.h">
      <Filter>Header Files</Filter>
    </ClInclude>
    <ClInclude Include="export\unit-test-c++\Test.h">
      <Filter>Header Files</Filter>
    </ClInclude>
    <ClInclude Include="export\unit-test-c++\TestDetailedResult.h">
      <Filter>Header Files</Filter>
    </ClInclude>
    <ClInclude Include="export\unit-test-c++\TestDetails.h">
      <Filter>Header Files</Filter>
    </ClInclude>
    <ClInclude Include="export\unit-test-c++\TestFailure.h">
      <Filter>Header Files</Filter>
    </ClInclude>
    <ClInclude Include="export\unit-test-c++\TestFixture.h">
      <Filter>Header Files</Filter>
    </ClInclude>
    <ClInclude Include="export\unit-test-c++\TestFixtureInfo.h">
      <Filter>Header Files</Filter>
    </ClInclude>
    <ClInclude Include="export\unit-test-c++\TestInfo.h">
      <Filter>Header Files</Filter>
    </ClInclude>
    <ClInclude Include="export\unit-test-c++\TestMacros.h">
      <Filter>Header Files</Filter>
    </ClInclude>
    <ClInclude Include="export\unit-test-c++\TestRegistry.h">
      <Filter>Header Files</Filter>
    </ClInclude>
    <ClInclude Include="export\unit-test-c++\TestResults.h">
      <Filter>Header Files</Filter>
    </ClInclude>
    <ClInclude Include="export\unit-test-c++\TestRunner.h">
      <Filter>Header Files</Filter>
    </ClInclude>
    <ClInclude Include="export\unit-test-c++\TestSuite.h">
      <Filter>Header Files</Filter>
    </ClInclude>
    <ClInclude Include="export\unit-test-c++\TestSuiteInfo.h">
      <Filter>Header Files</Filter>
    </ClInclude>
    <ClInclude Include="export\unit-test-c++\TimeConstraint.h">
      <Filter>Header Files</Filter>
    </ClInclude>
    <ClInclude Include="export\unit-test-c++\Timer.h">
      <Filter>Header Files</Filter>
    </ClInclude>
    <ClInclude Include="export\unit-test-c++\UnitTestC++.h">
      <Filter>Header Files</Filter>
    </ClInclude>
    <ClInclude Include="export\unit-test-c++\XMLTestReporter.h">
      <Filter>Header Files</Filter>
    </ClInclude>
    <ClInclude Include="include\unit-test-c++\internal\UtString.h">
      <Filter>Header Files</Filter>
    </ClInclude>
    <ClInclude Include="include\unit-test-c++\Settings.h">
      <Filter>Header Files</Filter>
    </ClInclude>
  </ItemGroup>
</Project>